// !$*UTF8*$!
{
	archiveVersion = 1;
	classes = {
	};
	objectVersion = 50;
	objects = {

/* Begin PBXBuildFile section */
		AC693D95265C9EA9009F7A65 /* TopHeadlinesApp.swift in Sources */ = {isa = PBXBuildFile; fileRef = AC693D94265C9EA9009F7A65 /* TopHeadlinesApp.swift */; };
		AC693D99265C9EB1009F7A65 /* Assets.xcassets in Resources */ = {isa = PBXBuildFile; fileRef = AC693D98265C9EB1009F7A65 /* Assets.xcassets */; };
		AC693D9C265C9EB1009F7A65 /* Preview Assets.xcassets in Resources */ = {isa = PBXBuildFile; fileRef = AC693D9B265C9EB1009F7A65 /* Preview Assets.xcassets */; };
		AC693DAB265C9EF2009F7A65 /* WidgetKit.framework in Frameworks */ = {isa = PBXBuildFile; fileRef = AC693DAA265C9EF2009F7A65 /* WidgetKit.framework */; };
		AC693DAD265C9EF2009F7A65 /* SwiftUI.framework in Frameworks */ = {isa = PBXBuildFile; fileRef = AC693DAC265C9EF2009F7A65 /* SwiftUI.framework */; };
		AC693DB2265C9EF7009F7A65 /* Assets.xcassets in Resources */ = {isa = PBXBuildFile; fileRef = AC693DB1265C9EF7009F7A65 /* Assets.xcassets */; };
		AC693DB6265C9EF7009F7A65 /* NewsWidgetExtension.appex in Embed App Extensions */ = {isa = PBXBuildFile; fileRef = AC693DA8265C9EF2009F7A65 /* NewsWidgetExtension.appex */; settings = {ATTRIBUTES = (RemoveHeadersOnCopy, ); }; };
		AC693DBE265C9F1C009F7A65 /* ContentView.swift in Sources */ = {isa = PBXBuildFile; fileRef = AC693DBD265C9F1C009F7A65 /* ContentView.swift */; };
		AC693DC4265C9F30009F7A65 /* NewsRow.swift in Sources */ = {isa = PBXBuildFile; fileRef = AC693DC3265C9F30009F7A65 /* NewsRow.swift */; };
		AC693DCA265C9F39009F7A65 /* NetworkService.swift in Sources */ = {isa = PBXBuildFile; fileRef = AC693DC8265C9F39009F7A65 /* NetworkService.swift */; };
		AC693DCB265C9F39009F7A65 /* JSONModel.swift in Sources */ = {isa = PBXBuildFile; fileRef = AC693DC9265C9F39009F7A65 /* JSONModel.swift */; };
		AC693DD1265C9F42009F7A65 /* ArticleListViewModel.swift in Sources */ = {isa = PBXBuildFile; fileRef = AC693DCF265C9F42009F7A65 /* ArticleListViewModel.swift */; };
		AC693DD2265C9F42009F7A65 /* ArticleViewModel.swift in Sources */ = {isa = PBXBuildFile; fileRef = AC693DD0265C9F42009F7A65 /* ArticleViewModel.swift */; };
		AC693DDA265C9F5F009F7A65 /* NewsWidgetContent.swift in Sources */ = {isa = PBXBuildFile; fileRef = AC693DD7265C9F5F009F7A65 /* NewsWidgetContent.swift */; };
		AC693DDF265C9FA9009F7A65 /* JSONModel.swift in Sources */ = {isa = PBXBuildFile; fileRef = AC693DC9265C9F39009F7A65 /* JSONModel.swift */; };
		AC693DE2265C9FC3009F7A65 /* NewsWidget.swift in Sources */ = {isa = PBXBuildFile; fileRef = AC693DD6265C9F5F009F7A65 /* NewsWidget.swift */; };
		AC693DE7265C9FC6009F7A65 /* NewsWidgetContent.swift in Sources */ = {isa = PBXBuildFile; fileRef = AC693DD7265C9F5F009F7A65 /* NewsWidgetContent.swift */; };
		AC693DEA265C9FCB009F7A65 /* NewsWidgetEntryView.swift in Sources */ = {isa = PBXBuildFile; fileRef = AC693DD5265C9F5F009F7A65 /* NewsWidgetEntryView.swift */; };
/* End PBXBuildFile section */

/* Begin PBXContainerItemProxy section */
		AC693DB4265C9EF7009F7A65 /* PBXContainerItemProxy */ = {
			isa = PBXContainerItemProxy;
			containerPortal = AC693D89265C9EA9009F7A65 /* Project object */;
			proxyType = 1;
			remoteGlobalIDString = AC693DA7265C9EF2009F7A65;
			remoteInfo = NewsWidgetExtension;
		};
/* End PBXContainerItemProxy section */

/* Begin PBXCopyFilesBuildPhase section */
		AC693DBA265C9EF7009F7A65 /* Embed App Extensions */ = {
			isa = PBXCopyFilesBuildPhase;
			buildActionMask = 2147483647;
			dstPath = "";
			dstSubfolderSpec = 13;
			files = (
				AC693DB6265C9EF7009F7A65 /* NewsWidgetExtension.appex in Embed App Extensions */,
			);
			name = "Embed App Extensions";
			runOnlyForDeploymentPostprocessing = 0;
		};
/* End PBXCopyFilesBuildPhase section */

/* Begin PBXFileReference section */
		AC693D91265C9EA9009F7A65 /* TopHeadlines.app */ = {isa = PBXFileReference; explicitFileType = wrapper.application; includeInIndex = 0; path = TopHeadlines.app; sourceTree = BUILT_PRODUCTS_DIR; };
		AC693D94265C9EA9009F7A65 /* TopHeadlinesApp.swift */ = {isa = PBXFileReference; lastKnownFileType = sourcecode.swift; path = TopHeadlinesApp.swift; sourceTree = "<group>"; };
		AC693D98265C9EB1009F7A65 /* Assets.xcassets */ = {isa = PBXFileReference; lastKnownFileType = folder.assetcatalog; path = Assets.xcassets; sourceTree = "<group>"; };
		AC693D9B265C9EB1009F7A65 /* Preview Assets.xcassets */ = {isa = PBXFileReference; lastKnownFileType = folder.assetcatalog; path = "Preview Assets.xcassets"; sourceTree = "<group>"; };
		AC693D9D265C9EB1009F7A65 /* Info.plist */ = {isa = PBXFileReference; lastKnownFileType = text.plist.xml; path = Info.plist; sourceTree = "<group>"; };
		AC693DA8265C9EF2009F7A65 /* NewsWidgetExtension.appex */ = {isa = PBXFileReference; explicitFileType = "wrapper.app-extension"; includeInIndex = 0; path = NewsWidgetExtension.appex; sourceTree = BUILT_PRODUCTS_DIR; };
		AC693DAA265C9EF2009F7A65 /* WidgetKit.framework */ = {isa = PBXFileReference; lastKnownFileType = wrapper.framework; name = WidgetKit.framework; path = System/Library/Frameworks/WidgetKit.framework; sourceTree = SDKROOT; };
		AC693DAC265C9EF2009F7A65 /* SwiftUI.framework */ = {isa = PBXFileReference; lastKnownFileType = wrapper.framework; name = SwiftUI.framework; path = System/Library/Frameworks/SwiftUI.framework; sourceTree = SDKROOT; };
		AC693DB1265C9EF7009F7A65 /* Assets.xcassets */ = {isa = PBXFileReference; lastKnownFileType = folder.assetcatalog; path = Assets.xcassets; sourceTree = "<group>"; };
		AC693DB3265C9EF7009F7A65 /* Info.plist */ = {isa = PBXFileReference; lastKnownFileType = text.plist.xml; path = Info.plist; sourceTree = "<group>"; };
		AC693DBD265C9F1C009F7A65 /* ContentView.swift */ = {isa = PBXFileReference; fileEncoding = 4; lastKnownFileType = sourcecode.swift; name = ContentView.swift; path = ../../../SwiftUI_mvvm/SwiftUIMVVM/ContentView.swift; sourceTree = "<group>"; };
		AC693DC3265C9F30009F7A65 /* NewsRow.swift */ = {isa = PBXFileReference; fileEncoding = 4; lastKnownFileType = sourcecode.swift; path = NewsRow.swift; sourceTree = "<group>"; };
		AC693DC8265C9F39009F7A65 /* NetworkService.swift */ = {isa = PBXFileReference; fileEncoding = 4; lastKnownFileType = sourcecode.swift; path = NetworkService.swift; sourceTree = "<group>"; };
		AC693DC9265C9F39009F7A65 /* JSONModel.swift */ = {isa = PBXFileReference; fileEncoding = 4; lastKnownFileType = sourcecode.swift; path = JSONModel.swift; sourceTree = "<group>"; };
		AC693DCF265C9F42009F7A65 /* ArticleListViewModel.swift */ = {isa = PBXFileReference; fileEncoding = 4; lastKnownFileType = sourcecode.swift; path = ArticleListViewModel.swift; sourceTree = "<group>"; };
		AC693DD0265C9F42009F7A65 /* ArticleViewModel.swift */ = {isa = PBXFileReference; fileEncoding = 4; lastKnownFileType = sourcecode.swift; path = ArticleViewModel.swift; sourceTree = "<group>"; };
		AC693DD5265C9F5F009F7A65 /* NewsWidgetEntryView.swift */ = {isa = PBXFileReference; fileEncoding = 4; lastKnownFileType = sourcecode.swift; path = NewsWidgetEntryView.swift; sourceTree = "<group>"; };
		AC693DD6265C9F5F009F7A65 /* NewsWidget.swift */ = {isa = PBXFileReference; fileEncoding = 4; lastKnownFileType = sourcecode.swift; name = NewsWidget.swift; path = ../../../SwiftUI_mvvm/NewsWidget/NewsWidget.swift; sourceTree = "<group>"; };
		AC693DD7265C9F5F009F7A65 /* NewsWidgetContent.swift */ = {isa = PBXFileReference; fileEncoding = 4; lastKnownFileType = sourcecode.swift; path = NewsWidgetContent.swift; sourceTree = "<group>"; };
		AC693DEF265CA488009F7A65 /* NewsWidgetExtension.entitlements */ = {isa = PBXFileReference; lastKnownFileType = text.plist.entitlements; path = NewsWidgetExtension.entitlements; sourceTree = "<group>"; };
/* End PBXFileReference section */

/* Begin PBXFrameworksBuildPhase section */
		AC693D8E265C9EA9009F7A65 /* Frameworks */ = {
			isa = PBXFrameworksBuildPhase;
			buildActionMask = 2147483647;
			files = (
			);
			runOnlyForDeploymentPostprocessing = 0;
		};
		AC693DA5265C9EF2009F7A65 /* Frameworks */ = {
			isa = PBXFrameworksBuildPhase;
			buildActionMask = 2147483647;
			files = (
				AC693DAD265C9EF2009F7A65 /* SwiftUI.framework in Frameworks */,
				AC693DAB265C9EF2009F7A65 /* WidgetKit.framework in Frameworks */,
			);
			runOnlyForDeploymentPostprocessing = 0;
		};
/* End PBXFrameworksBuildPhase section */

/* Begin PBXGroup section */
		AC693D88265C9EA9009F7A65 = {
			isa = PBXGroup;
			children = (
				AC693DEF265CA488009F7A65 /* NewsWidgetExtension.entitlements */,
				AC693D93265C9EA9009F7A65 /* TopHeadlines */,
				AC693DAE265C9EF2009F7A65 /* NewsWidget */,
				AC693DA9265C9EF2009F7A65 /* Frameworks */,
				AC693D92265C9EA9009F7A65 /* Products */,
			);
			sourceTree = "<group>";
		};
		AC693D92265C9EA9009F7A65 /* Products */ = {
			isa = PBXGroup;
			children = (
				AC693D91265C9EA9009F7A65 /* TopHeadlines.app */,
				AC693DA8265C9EF2009F7A65 /* NewsWidgetExtension.appex */,
			);
			name = Products;
			sourceTree = "<group>";
		};
		AC693D93265C9EA9009F7A65 /* TopHeadlines */ = {
			isa = PBXGroup;
			children = (
				AC693D94265C9EA9009F7A65 /* TopHeadlinesApp.swift */,
				AC693DBD265C9F1C009F7A65 /* ContentView.swift */,
				AC693DC3265C9F30009F7A65 /* NewsRow.swift */,
				AC693DC7265C9F39009F7A65 /* Data */,
				AC693D98265C9EB1009F7A65 /* Assets.xcassets */,
				AC693D9D265C9EB1009F7A65 /* Info.plist */,
				AC693DCE265C9F42009F7A65 /* ViewModel */,
				AC693D9A265C9EB1009F7A65 /* Preview Content */,
			);
			path = TopHeadlines;
			sourceTree = "<group>";
		};
		AC693D9A265C9EB1009F7A65 /* Preview Content */ = {
			isa = PBXGroup;
			children = (
				AC693D9B265C9EB1009F7A65 /* Preview Assets.xcassets */,
			);
			path = "Preview Content";
			sourceTree = "<group>";
		};
		AC693DA9265C9EF2009F7A65 /* Frameworks */ = {
			isa = PBXGroup;
			children = (
				AC693DAA265C9EF2009F7A65 /* WidgetKit.framework */,
				AC693DAC265C9EF2009F7A65 /* SwiftUI.framework */,
			);
			name = Frameworks;
			sourceTree = "<group>";
		};
		AC693DAE265C9EF2009F7A65 /* NewsWidget */ = {
			isa = PBXGroup;
			children = (
				AC693DD6265C9F5F009F7A65 /* NewsWidget.swift */,
				AC693DD7265C9F5F009F7A65 /* NewsWidgetContent.swift */,
				AC693DD5265C9F5F009F7A65 /* NewsWidgetEntryView.swift */,
				AC693DB1265C9EF7009F7A65 /* Assets.xcassets */,
				AC693DB3265C9EF7009F7A65 /* Info.plist */,
			);
			path = NewsWidget;
			sourceTree = "<group>";
		};
		AC693DC7265C9F39009F7A65 /* Data */ = {
			isa = PBXGroup;
			children = (
				AC693DC8265C9F39009F7A65 /* NetworkService.swift */,
				AC693DC9265C9F39009F7A65 /* JSONModel.swift */,
			);
			path = Data;
			sourceTree = "<group>";
		};
		AC693DCE265C9F42009F7A65 /* ViewModel */ = {
			isa = PBXGroup;
			children = (
				AC693DCF265C9F42009F7A65 /* ArticleListViewModel.swift */,
				AC693DD0265C9F42009F7A65 /* ArticleViewModel.swift */,
			);
			path = ViewModel;
			sourceTree = "<group>";
		};
/* End PBXGroup section */

/* Begin PBXNativeTarget section */
		AC693D90265C9EA9009F7A65 /* TopHeadlines */ = {
			isa = PBXNativeTarget;
			buildConfigurationList = AC693DA0265C9EB1009F7A65 /* Build configuration list for PBXNativeTarget "TopHeadlines" */;
			buildPhases = (
				AC693D8D265C9EA9009F7A65 /* Sources */,
				AC693D8E265C9EA9009F7A65 /* Frameworks */,
				AC693D8F265C9EA9009F7A65 /* Resources */,
				AC693DBA265C9EF7009F7A65 /* Embed App Extensions */,
			);
			buildRules = (
			);
			dependencies = (
				AC693DB5265C9EF7009F7A65 /* PBXTargetDependency */,
			);
			name = TopHeadlines;
			productName = TopHeadlines;
			productReference = AC693D91265C9EA9009F7A65 /* TopHeadlines.app */;
			productType = "com.apple.product-type.application";
		};
		AC693DA7265C9EF2009F7A65 /* NewsWidgetExtension */ = {
			isa = PBXNativeTarget;
			buildConfigurationList = AC693DB7265C9EF7009F7A65 /* Build configuration list for PBXNativeTarget "NewsWidgetExtension" */;
			buildPhases = (
				AC693DA4265C9EF2009F7A65 /* Sources */,
				AC693DA5265C9EF2009F7A65 /* Frameworks */,
				AC693DA6265C9EF2009F7A65 /* Resources */,
			);
			buildRules = (
			);
			dependencies = (
			);
			name = NewsWidgetExtension;
			productName = NewsWidgetExtension;
			productReference = AC693DA8265C9EF2009F7A65 /* NewsWidgetExtension.appex */;
			productType = "com.apple.product-type.app-extension";
		};
/* End PBXNativeTarget section */

/* Begin PBXProject section */
		AC693D89265C9EA9009F7A65 /* Project object */ = {
			isa = PBXProject;
			attributes = {
				LastSwiftUpdateCheck = 1240;
				LastUpgradeCheck = 1240;
				TargetAttributes = {
					AC693D90265C9EA9009F7A65 = {
						CreatedOnToolsVersion = 12.4;
					};
					AC693DA7265C9EF2009F7A65 = {
						CreatedOnToolsVersion = 12.4;
					};
				};
			};
			buildConfigurationList = AC693D8C265C9EA9009F7A65 /* Build configuration list for PBXProject "TopHeadlines" */;
			compatibilityVersion = "Xcode 9.3";
			developmentRegion = en;
			hasScannedForEncodings = 0;
			knownRegions = (
				en,
				Base,
			);
			mainGroup = AC693D88265C9EA9009F7A65;
			productRefGroup = AC693D92265C9EA9009F7A65 /* Products */;
			projectDirPath = "";
			projectRoot = "";
			targets = (
				AC693D90265C9EA9009F7A65 /* TopHeadlines */,
				AC693DA7265C9EF2009F7A65 /* NewsWidgetExtension */,
			);
		};
/* End PBXProject section */

/* Begin PBXResourcesBuildPhase section */
		AC693D8F265C9EA9009F7A65 /* Resources */ = {
			isa = PBXResourcesBuildPhase;
			buildActionMask = 2147483647;
			files = (
				AC693D9C265C9EB1009F7A65 /* Preview Assets.xcassets in Resources */,
				AC693D99265C9EB1009F7A65 /* Assets.xcassets in Resources */,
			);
			runOnlyForDeploymentPostprocessing = 0;
		};
		AC693DA6265C9EF2009F7A65 /* Resources */ = {
			isa = PBXResourcesBuildPhase;
			buildActionMask = 2147483647;
			files = (
				AC693DB2265C9EF7009F7A65 /* Assets.xcassets in Resources */,
			);
			runOnlyForDeploymentPostprocessing = 0;
		};
/* End PBXResourcesBuildPhase section */

/* Begin PBXSourcesBuildPhase section */
		AC693D8D265C9EA9009F7A65 /* Sources */ = {
			isa = PBXSourcesBuildPhase;
			buildActionMask = 2147483647;
			files = (
				AC693DCB265C9F39009F7A65 /* JSONModel.swift in Sources */,
				AC693DD1265C9F42009F7A65 /* ArticleListViewModel.swift in Sources */,
				AC693D95265C9EA9009F7A65 /* TopHeadlinesApp.swift in Sources */,
				AC693DC4265C9F30009F7A65 /* NewsRow.swift in Sources */,
				AC693DCA265C9F39009F7A65 /* NetworkService.swift in Sources */,
				AC693DDA265C9F5F009F7A65 /* NewsWidgetContent.swift in Sources */,
				AC693DD2265C9F42009F7A65 /* ArticleViewModel.swift in Sources */,
				AC693DBE265C9F1C009F7A65 /* ContentView.swift in Sources */,
			);
			runOnlyForDeploymentPostprocessing = 0;
		};
		AC693DA4265C9EF2009F7A65 /* Sources */ = {
			isa = PBXSourcesBuildPhase;
			buildActionMask = 2147483647;
			files = (
				AC693DE7265C9FC6009F7A65 /* NewsWidgetContent.swift in Sources */,
				AC693DE2265C9FC3009F7A65 /* NewsWidget.swift in Sources */,
				AC693DEA265C9FCB009F7A65 /* NewsWidgetEntryView.swift in Sources */,
				AC693DDF265C9FA9009F7A65 /* JSONModel.swift in Sources */,
			);
			runOnlyForDeploymentPostprocessing = 0;
		};
/* End PBXSourcesBuildPhase section */

/* Begin PBXTargetDependency section */
		AC693DB5265C9EF7009F7A65 /* PBXTargetDependency */ = {
			isa = PBXTargetDependency;
			target = AC693DA7265C9EF2009F7A65 /* NewsWidgetExtension */;
			targetProxy = AC693DB4265C9EF7009F7A65 /* PBXContainerItemProxy */;
		};
/* End PBXTargetDependency section */

/* Begin XCBuildConfiguration section */
		AC693D9E265C9EB1009F7A65 /* Debug */ = {
			isa = XCBuildConfiguration;
			buildSettings = {
				ALWAYS_SEARCH_USER_PATHS = NO;
				CLANG_ANALYZER_NONNULL = YES;
				CLANG_ANALYZER_NUMBER_OBJECT_CONVERSION = YES_AGGRESSIVE;
				CLANG_CXX_LANGUAGE_STANDARD = "gnu++14";
				CLANG_CXX_LIBRARY = "libc++";
				CLANG_ENABLE_MODULES = YES;
				CLANG_ENABLE_OBJC_ARC = YES;
				CLANG_ENABLE_OBJC_WEAK = YES;
				CLANG_WARN_BLOCK_CAPTURE_AUTORELEASING = YES;
				CLANG_WARN_BOOL_CONVERSION = YES;
				CLANG_WARN_COMMA = YES;
				CLANG_WARN_CONSTANT_CONVERSION = YES;
				CLANG_WARN_DEPRECATED_OBJC_IMPLEMENTATIONS = YES;
				CLANG_WARN_DIRECT_OBJC_ISA_USAGE = YES_ERROR;
				CLANG_WARN_DOCUMENTATION_COMMENTS = YES;
				CLANG_WARN_EMPTY_BODY = YES;
				CLANG_WARN_ENUM_CONVERSION = YES;
				CLANG_WARN_INFINITE_RECURSION = YES;
				CLANG_WARN_INT_CONVERSION = YES;
				CLANG_WARN_NON_LITERAL_NULL_CONVERSION = YES;
				CLANG_WARN_OBJC_IMPLICIT_RETAIN_SELF = YES;
				CLANG_WARN_OBJC_LITERAL_CONVERSION = YES;
				CLANG_WARN_OBJC_ROOT_CLASS = YES_ERROR;
				CLANG_WARN_QUOTED_INCLUDE_IN_FRAMEWORK_HEADER = YES;
				CLANG_WARN_RANGE_LOOP_ANALYSIS = YES;
				CLANG_WARN_STRICT_PROTOTYPES = YES;
				CLANG_WARN_SUSPICIOUS_MOVE = YES;
				CLANG_WARN_UNGUARDED_AVAILABILITY = YES_AGGRESSIVE;
				CLANG_WARN_UNREACHABLE_CODE = YES;
				CLANG_WARN__DUPLICATE_METHOD_MATCH = YES;
				COPY_PHASE_STRIP = NO;
				DEBUG_INFORMATION_FORMAT = dwarf;
				ENABLE_STRICT_OBJC_MSGSEND = YES;
				ENABLE_TESTABILITY = YES;
				GCC_C_LANGUAGE_STANDARD = gnu11;
				GCC_DYNAMIC_NO_PIC = NO;
				GCC_NO_COMMON_BLOCKS = YES;
				GCC_OPTIMIZATION_LEVEL = 0;
				GCC_PREPROCESSOR_DEFINITIONS = (
					"DEBUG=1",
					"$(inherited)",
				);
				GCC_WARN_64_TO_32_BIT_CONVERSION = YES;
				GCC_WARN_ABOUT_RETURN_TYPE = YES_ERROR;
				GCC_WARN_UNDECLARED_SELECTOR = YES;
				GCC_WARN_UNINITIALIZED_AUTOS = YES_AGGRESSIVE;
				GCC_WARN_UNUSED_FUNCTION = YES;
				GCC_WARN_UNUSED_VARIABLE = YES;
				IPHONEOS_DEPLOYMENT_TARGET = 14.4;
				MTL_ENABLE_DEBUG_INFO = INCLUDE_SOURCE;
				MTL_FAST_MATH = YES;
				ONLY_ACTIVE_ARCH = YES;
				SDKROOT = iphoneos;
				SWIFT_ACTIVE_COMPILATION_CONDITIONS = DEBUG;
				SWIFT_OPTIMIZATION_LEVEL = "-Onone";
			};
			name = Debug;
		};
		AC693D9F265C9EB1009F7A65 /* Release */ = {
			isa = XCBuildConfiguration;
			buildSettings = {
				ALWAYS_SEARCH_USER_PATHS = NO;
				CLANG_ANALYZER_NONNULL = YES;
				CLANG_ANALYZER_NUMBER_OBJECT_CONVERSION = YES_AGGRESSIVE;
				CLANG_CXX_LANGUAGE_STANDARD = "gnu++14";
				CLANG_CXX_LIBRARY = "libc++";
				CLANG_ENABLE_MODULES = YES;
				CLANG_ENABLE_OBJC_ARC = YES;
				CLANG_ENABLE_OBJC_WEAK = YES;
				CLANG_WARN_BLOCK_CAPTURE_AUTORELEASING = YES;
				CLANG_WARN_BOOL_CONVERSION = YES;
				CLANG_WARN_COMMA = YES;
				CLANG_WARN_CONSTANT_CONVERSION = YES;
				CLANG_WARN_DEPRECATED_OBJC_IMPLEMENTATIONS = YES;
				CLANG_WARN_DIRECT_OBJC_ISA_USAGE = YES_ERROR;
				CLANG_WARN_DOCUMENTATION_COMMENTS = YES;
				CLANG_WARN_EMPTY_BODY = YES;
				CLANG_WARN_ENUM_CONVERSION = YES;
				CLANG_WARN_INFINITE_RECURSION = YES;
				CLANG_WARN_INT_CONVERSION = YES;
				CLANG_WARN_NON_LITERAL_NULL_CONVERSION = YES;
				CLANG_WARN_OBJC_IMPLICIT_RETAIN_SELF = YES;
				CLANG_WARN_OBJC_LITERAL_CONVERSION = YES;
				CLANG_WARN_OBJC_ROOT_CLASS = YES_ERROR;
				CLANG_WARN_QUOTED_INCLUDE_IN_FRAMEWORK_HEADER = YES;
				CLANG_WARN_RANGE_LOOP_ANALYSIS = YES;
				CLANG_WARN_STRICT_PROTOTYPES = YES;
				CLANG_WARN_SUSPICIOUS_MOVE = YES;
				CLANG_WARN_UNGUARDED_AVAILABILITY = YES_AGGRESSIVE;
				CLANG_WARN_UNREACHABLE_CODE = YES;
				CLANG_WARN__DUPLICATE_METHOD_MATCH = YES;
				COPY_PHASE_STRIP = NO;
				DEBUG_INFORMATION_FORMAT = "dwarf-with-dsym";
				ENABLE_NS_ASSERTIONS = NO;
				ENABLE_STRICT_OBJC_MSGSEND = YES;
				GCC_C_LANGUAGE_STANDARD = gnu11;
				GCC_NO_COMMON_BLOCKS = YES;
				GCC_WARN_64_TO_32_BIT_CONVERSION = YES;
				GCC_WARN_ABOUT_RETURN_TYPE = YES_ERROR;
				GCC_WARN_UNDECLARED_SELECTOR = YES;
				GCC_WARN_UNINITIALIZED_AUTOS = YES_AGGRESSIVE;
				GCC_WARN_UNUSED_FUNCTION = YES;
				GCC_WARN_UNUSED_VARIABLE = YES;
				IPHONEOS_DEPLOYMENT_TARGET = 14.4;
				MTL_ENABLE_DEBUG_INFO = NO;
				MTL_FAST_MATH = YES;
				SDKROOT = iphoneos;
				SWIFT_COMPILATION_MODE = wholemodule;
				SWIFT_OPTIMIZATION_LEVEL = "-O";
				VALIDATE_PRODUCT = YES;
			};
			name = Release;
		};
		AC693DA1265C9EB1009F7A65 /* Debug */ = {
			isa = XCBuildConfiguration;
			buildSettings = {
				ALWAYS_EMBED_SWIFT_STANDARD_LIBRARIES = YES;
				ASSETCATALOG_COMPILER_APPICON_NAME = AppIcon;
				ASSETCATALOG_COMPILER_GLOBAL_ACCENT_COLOR_NAME = AccentColor;
				CODE_SIGN_STYLE = Automatic;
				DEVELOPMENT_ASSET_PATHS = "\"TopHeadlines/Preview Content\"";
				DEVELOPMENT_TEAM = S394BCCK8P;
				ENABLE_PREVIEWS = YES;
				INFOPLIST_FILE = TopHeadlines/Info.plist;
				IPHONEOS_DEPLOYMENT_TARGET = 14.0;
				LD_RUNPATH_SEARCH_PATHS = (
					"$(inherited)",
					"@executable_path/Frameworks",
				);
				PRODUCT_BUNDLE_IDENTIFIER = com.vraj.TopHeadlines;
				PRODUCT_NAME = "$(TARGET_NAME)";
				SWIFT_VERSION = 5.0;
				TARGETED_DEVICE_FAMILY = "1,2";
			};
			name = Debug;
		};
		AC693DA2265C9EB1009F7A65 /* Release */ = {
			isa = XCBuildConfiguration;
			buildSettings = {
				ALWAYS_EMBED_SWIFT_STANDARD_LIBRARIES = YES;
				ASSETCATALOG_COMPILER_APPICON_NAME = AppIcon;
				ASSETCATALOG_COMPILER_GLOBAL_ACCENT_COLOR_NAME = AccentColor;
				CODE_SIGN_STYLE = Automatic;
				DEVELOPMENT_ASSET_PATHS = "\"TopHeadlines/Preview Content\"";
				DEVELOPMENT_TEAM = S394BCCK8P;
				ENABLE_PREVIEWS = YES;
				INFOPLIST_FILE = TopHeadlines/Info.plist;
				IPHONEOS_DEPLOYMENT_TARGET = 14.0;
				LD_RUNPATH_SEARCH_PATHS = (
					"$(inherited)",
					"@executable_path/Frameworks",
				);
				PRODUCT_BUNDLE_IDENTIFIER = com.vraj.TopHeadlines;
				PRODUCT_NAME = "$(TARGET_NAME)";
				SWIFT_VERSION = 5.0;
				TARGETED_DEVICE_FAMILY = "1,2";
			};
			name = Release;
		};
		AC693DB8265C9EF7009F7A65 /* Debug */ = {
			isa = XCBuildConfiguration;
			buildSettings = {
				ASSETCATALOG_COMPILER_GLOBAL_ACCENT_COLOR_NAME = AccentColor;
				ASSETCATALOG_COMPILER_WIDGET_BACKGROUND_COLOR_NAME = WidgetBackground;
				CODE_SIGN_ENTITLEMENTS = NewsWidgetExtension.entitlements;
				CODE_SIGN_STYLE = Automatic;
				DEVELOPMENT_TEAM = S394BCCK8P;
				INFOPLIST_FILE = NewsWidget/Info.plist;
				LD_RUNPATH_SEARCH_PATHS = (
					"$(inherited)",
					"@executable_path/Frameworks",
					"@executable_path/../../Frameworks",
				);
				PRODUCT_BUNDLE_IDENTIFIER = com.vraj.TopHeadlines.NewsWidget;
				PRODUCT_NAME = "$(TARGET_NAME)";
				SKIP_INSTALL = YES;
				SWIFT_VERSION = 5.0;
				TARGETED_DEVICE_FAMILY = "1,2";
			};
			name = Debug;
		};
		AC693DB9265C9EF7009F7A65 /* Release */ = {
			isa = XCBuildConfiguration;
			buildSettings = {
				ASSETCATALOG_COMPILER_GLOBAL_ACCENT_COLOR_NAME = AccentColor;
				ASSETCATALOG_COMPILER_WIDGET_BACKGROUND_COLOR_NAME = WidgetBackground;
				CODE_SIGN_ENTITLEMENTS = NewsWidgetExtension.entitlements;
				CODE_SIGN_STYLE = Automatic;
				DEVELOPMENT_TEAM = S394BCCK8P;
				INFOPLIST_FILE = NewsWidget/Info.plist;
				LD_RUNPATH_SEARCH_PATHS = (
					"$(inherited)",
					"@executable_path/Frameworks",
					"@executable_path/../../Frameworks",
				);
				PRODUCT_BUNDLE_IDENTIFIER = com.vraj.TopHeadlines.NewsWidget;
				PRODUCT_NAME = "$(TARGET_NAME)";
				SKIP_INSTALL = YES;
				SWIFT_VERSION = 5.0;
				TARGETED_DEVICE_FAMILY = "1,2";
			};
			name = Release;
		};
/* End XCBuildConfiguration section */

/* Begin XCConfigurationList section */
		AC693D8C265C9EA9009F7A65 /* Build configuration list for PBXProject "TopHeadlines" */ = {
			isa = XCConfigurationList;
			buildConfigurations = (
				AC693D9E265C9EB1009F7A65 /* Debug */,
				AC693D9F265C9EB1009F7A65 /* Release */,
			);
			defaultConfigurationIsVisible = 0;
			defaultConfigurationName = Release;
		};
		AC693DA0265C9EB1009F7A65 /* Build configuration list for PBXNativeTarget "TopHeadlines" */ = {
			isa = XCConfigurationList;
			buildConfigurations = (
				AC693DA1265C9EB1009F7A65 /* Debug */,
				AC693DA2265C9EB1009F7A65 /* Release */,
			);
			defaultConfigurationIsVisible = 0;
			defaultConfigurationName = Release;
		};
		AC693DB7265C9EF7009F7A65 /* Build configuration list for PBXNativeTarget "NewsWidgetExtension" */ = {
			isa = XCConfigurationList;
			buildConfigurations = (
				AC693DB8265C9EF7009F7A65 /* Debug */,
				AC693DB9265C9EF7009F7A65 /* Release */,
			);
			defaultConfigurationIsVisible = 0;
			defaultConfigurationName = Release;
		};
/* End XCConfigurationList section */
	};
	rootObject = AC693D89265C9EA9009F7A65 /* Project object */;
}
